
Microsoft Visual Studio Solution File, Format Version 12.00
# Visual Studio Version 17
VisualStudioVersion = 17.13.35931.197 d17.13
MinimumVisualStudioVersion = 10.0.40219.1
Project("{FAE04EC0-301F-11D3-BF4B-00C04F79EFBC}") = "BSC.DataAccess", "BSC.DataAccess\BSC.DataAccess.csproj", "{2DE69609-68D2-42DF-8BE4-F6418E799B8A}"
EndProject
Project("{FAE04EC0-301F-11D3-BF4B-00C04F79EFBC}") = "BSC.Models", "BSC.Models\BSC.Models.csproj", "{AF4576CA-F2B5-4060-BD92-52B8F04C45CD}"
EndProject
Project("{FAE04EC0-301F-11D3-BF4B-00C04F79EFBC}") = "BSC.API", "BSC.API\BSC.API.csproj", "{FF97C411-E663-48B5-B5D2-B0E56A2BB502}"
EndProject
Project("{FAE04EC0-301F-11D3-BF4B-00C04F79EFBC}") = "BSC.Business", "BSC.Business\BSC.Business.csproj", "{43AFF2B7-A1D6-4FAC-8CD8-345F40C48C2F}"
EndProject
Global
	GlobalSection(SolutionConfigurationPlatforms) = preSolution
		Debug|Any CPU = Debug|Any CPU
		Release|Any CPU = Release|Any CPU
	EndGlobalSection
	GlobalSection(ProjectConfigurationPlatforms) = postSolution
		{2DE69609-68D2-42DF-8BE4-F6418E799B8A}.Debug|Any CPU.ActiveCfg = Debug|Any CPU
		{2DE69609-68D2-42DF-8BE4-F6418E799B8A}.Debug|Any CPU.Build.0 = Debug|Any CPU
		{2DE69609-68D2-42DF-8BE4-F6418E799B8A}.Release|Any CPU.ActiveCfg = Release|Any CPU
		{2DE69609-68D2-42DF-8BE4-F6418E799B8A}.Release|Any CPU.Build.0 = Release|Any CPU
		{AF4576CA-F2B5-4060-BD92-52B8F04C45CD}.Debug|Any CPU.ActiveCfg = Debug|Any CPU
		{AF4576CA-F2B5-4060-BD92-52B8F04C45CD}.Debug|Any CPU.Build.0 = Debug|Any CPU
		{AF4576CA-F2B5-4060-BD92-52B8F04C45CD}.Release|Any CPU.ActiveCfg = Release|Any CPU
		{AF4576CA-F2B5-4060-BD92-52B8F04C45CD}.Release|Any CPU.Build.0 = Release|Any CPU
		{FF97C411-E663-48B5-B5D2-B0E56A2BB502}.Debug|Any CPU.ActiveCfg = Debug|Any CPU
		{FF97C411-E663-48B5-B5D2-B0E56A2BB502}.Debug|Any CPU.Build.0 = Debug|Any CPU
		{FF97C411-E663-48B5-B5D2-B0E56A2BB502}.Release|Any CPU.ActiveCfg = Release|Any CPU
		{FF97C411-E663-48B5-B5D2-B0E56A2BB502}.Release|Any CPU.Build.0 = Release|Any CPU
		{43AFF2B7-A1D6-4FAC-8CD8-345F40C48C2F}.Debug|Any CPU.ActiveCfg = Debug|Any CPU
		{43AFF2B7-A1D6-4FAC-8CD8-345F40C48C2F}.Debug|Any CPU.Build.0 = Debug|Any CPU
		{43AFF2B7-A1D6-4FAC-8CD8-345F40C48C2F}.Release|Any CPU.ActiveCfg = Release|Any CPU
		{43AFF2B7-A1D6-4FAC-8CD8-345F40C48C2F}.Release|Any CPU.Build.0 = Release|Any CPU
	EndGlobalSection
	GlobalSection(SolutionProperties) = preSolution
		HideSolutionNode = FALSE
	EndGlobalSection
	GlobalSection(ExtensibilityGlobals) = postSolution
		SolutionGuid = {FFFCC8C0-33C7-4F1D-92CB-768F7D52F260}
	EndGlobalSection
EndGlobal
